
Microsoft Visual Studio Solution File, Format Version 12.00
# Visual Studio Version 17
VisualStudioVersion = 17.7.34221.43
MinimumVisualStudioVersion = 10.0.40219.1
Project("{888888A0-9F3D-457C-B088-3A5042F75D52}") = "Whisky Collection Manager", "Whisky Collection Manager.pyproj", "{3653C0AA-471E-4C5B-BF5A-3361CB3A7668}"
EndProject
Global
	GlobalSection(SolutionConfigurationPlatforms) = preSolution
		Debug|Any CPU = Debug|Any CPU
		Release|Any CPU = Release|Any CPU
	EndGlobalSection
	GlobalSection(ProjectConfigurationPlatforms) = postSolution
		{3653C0AA-471E-4C5B-BF5A-3361CB3A7668}.Debug|Any CPU.ActiveCfg = Debug|Any CPU
		{3653C0AA-471E-4C5B-BF5A-3361CB3A7668}.Release|Any CPU.ActiveCfg = Release|Any CPU
	EndGlobalSection
	GlobalSection(SolutionProperties) = preSolution
		HideSolutionNode = FALSE
	EndGlobalSection
	GlobalSection(ExtensibilityGlobals) = postSolution
		SolutionGuid = {41986137-9286-4911-9FEE-193133339BD3}
	EndGlobalSection
EndGlobal
